
Microsoft Visual Studio Solution File, Format Version 12.00
# Visual Studio 2012
Project("{FAE04EC0-301F-11D3-BF4B-00C04F79EFBC}") = "MediaPlayer", "MediaPlayer\MediaPlayer.csproj", "{F1B172E5-245E-4678-AB01-AF3E416DEF3E}"
EndProject
Global
	GlobalSection(SolutionConfigurationPlatforms) = preSolution
		Debug|Any CPU = Debug|Any CPU
		Release|Any CPU = Release|Any CPU
	EndGlobalSection
	GlobalSection(ProjectConfigurationPlatforms) = postSolution
		{F1B172E5-245E-4678-AB01-AF3E416DEF3E}.Debug|Any CPU.ActiveCfg = Debug|Any CPU
		{F1B172E5-245E-4678-AB01-AF3E416DEF3E}.Debug|Any CPU.Build.0 = Debug|Any CPU
		{F1B172E5-245E-4678-AB01-AF3E416DEF3E}.Release|Any CPU.ActiveCfg = Release|Any CPU
		{F1B172E5-245E-4678-AB01-AF3E416DEF3E}.Release|Any CPU.Build.0 = Release|Any CPU
	EndGlobalSection
	GlobalSection(SolutionProperties) = preSolution
		HideSolutionNode = FALSE
	EndGlobalSection
EndGlobal
